
Microsoft Visual Studio Solution File, Format Version 12.00
# Visual Studio Version 17
VisualStudioVersion = 17.14.36511.14
MinimumVisualStudioVersion = 10.0.40219.1
Project("{FAE04EC0-301F-11D3-BF4B-00C04F79EFBC}") = "SummaryTool", "SummaryTool\SummaryTool.csproj", "{1421C03F-DF9A-44F4-8FFD-B11A48BF4105}"
EndProject
Project("{FAE04EC0-301F-11D3-BF4B-00C04F79EFBC}") = "SummaryTool.Tests", "SummaryTool.Tests\SummaryTool.Tests.csproj", "{CA02D2CF-EDF4-4711-864B-36B22B96892C}"
EndProject
Global
	GlobalSection(SolutionConfigurationPlatforms) = preSolution
		Debug|Any CPU = Debug|Any CPU
		Release|Any CPU = Release|Any CPU
	EndGlobalSection
	GlobalSection(ProjectConfigurationPlatforms) = postSolution
		{1421C03F-DF9A-44F4-8FFD-B11A48BF4105}.Debug|Any CPU.ActiveCfg = Debug|Any CPU
		{1421C03F-DF9A-44F4-8FFD-B11A48BF4105}.Debug|Any CPU.Build.0 = Debug|Any CPU
		{1421C03F-DF9A-44F4-8FFD-B11A48BF4105}.Release|Any CPU.ActiveCfg = Release|Any CPU
		{1421C03F-DF9A-44F4-8FFD-B11A48BF4105}.Release|Any CPU.Build.0 = Release|Any CPU
		{CA02D2CF-EDF4-4711-864B-36B22B96892C}.Debug|Any CPU.ActiveCfg = Debug|Any CPU
		{CA02D2CF-EDF4-4711-864B-36B22B96892C}.Debug|Any CPU.Build.0 = Debug|Any CPU
		{CA02D2CF-EDF4-4711-864B-36B22B96892C}.Release|Any CPU.ActiveCfg = Release|Any CPU
		{CA02D2CF-EDF4-4711-864B-36B22B96892C}.Release|Any CPU.Build.0 = Release|Any CPU
	EndGlobalSection
	GlobalSection(SolutionProperties) = preSolution
		HideSolutionNode = FALSE
	EndGlobalSection
	GlobalSection(ExtensibilityGlobals) = postSolution
		SolutionGuid = {A1BA9634-207F-439B-864C-BE61A7AB956B}
	EndGlobalSection
EndGlobal
